{
  "name": "@micro-os-plus/devices-stm32h7-extras",
  "version": "1.0.0-pre.1",
  "lockfileVersion": 2,
  "requires": true,
  "packages": {
    "": {
      "name": "@micro-os-plus/devices-stm32h7-extras",
      "version": "1.0.0-pre.1",
      "license": "MIT",
      "devDependencies": {}
    }
  }
}
